
Microsoft Visual Studio Solution File, Format Version 12.00
# Visual Studio Version 17
VisualStudioVersion = 17.13.35931.197 d17.13
MinimumVisualStudioVersion = 10.0.40219.1
Project("{FAE04EC0-301F-11D3-BF4B-00C04F79EFBC}") = "Decorator", "Decorator\Decorator.csproj", "{7D9E29ED-ADFB-4BA4-8149-50028E5B98D5}"
EndProject
Global
	GlobalSection(SolutionConfigurationPlatforms) = preSolution
		Debug|Any CPU = Debug|Any CPU
		Release|Any CPU = Release|Any CPU
	EndGlobalSection
	GlobalSection(ProjectConfigurationPlatforms) = postSolution
		{7D9E29ED-ADFB-4BA4-8149-50028E5B98D5}.Debug|Any CPU.ActiveCfg = Debug|Any CPU
		{7D9E29ED-ADFB-4BA4-8149-50028E5B98D5}.Debug|Any CPU.Build.0 = Debug|Any CPU
		{7D9E29ED-ADFB-4BA4-8149-50028E5B98D5}.Release|Any CPU.ActiveCfg = Release|Any CPU
		{7D9E29ED-ADFB-4BA4-8149-50028E5B98D5}.Release|Any CPU.Build.0 = Release|Any CPU
	EndGlobalSection
	GlobalSection(SolutionProperties) = preSolution
		HideSolutionNode = FALSE
	EndGlobalSection
	GlobalSection(ExtensibilityGlobals) = postSolution
		SolutionGuid = {5B02FFA8-0B10-4108-84D2-A0D090364294}
	EndGlobalSection
EndGlobal
