
Microsoft Visual Studio Solution File, Format Version 12.00
# Visual Studio Version 17
VisualStudioVersion = 17.13.35931.197 d17.13
MinimumVisualStudioVersion = 10.0.40219.1
Project("{FAE04EC0-301F-11D3-BF4B-00C04F79EFBC}") = "Mediator", "Mediator\Mediator.csproj", "{2E032709-F968-4A4A-B0F2-A4BC66D79A31}"
EndProject
Global
	GlobalSection(SolutionConfigurationPlatforms) = preSolution
		Debug|Any CPU = Debug|Any CPU
		Release|Any CPU = Release|Any CPU
	EndGlobalSection
	GlobalSection(ProjectConfigurationPlatforms) = postSolution
		{2E032709-F968-4A4A-B0F2-A4BC66D79A31}.Debug|Any CPU.ActiveCfg = Debug|Any CPU
		{2E032709-F968-4A4A-B0F2-A4BC66D79A31}.Debug|Any CPU.Build.0 = Debug|Any CPU
		{2E032709-F968-4A4A-B0F2-A4BC66D79A31}.Release|Any CPU.ActiveCfg = Release|Any CPU
		{2E032709-F968-4A4A-B0F2-A4BC66D79A31}.Release|Any CPU.Build.0 = Release|Any CPU
	EndGlobalSection
	GlobalSection(SolutionProperties) = preSolution
		HideSolutionNode = FALSE
	EndGlobalSection
	GlobalSection(ExtensibilityGlobals) = postSolution
		SolutionGuid = {128D267A-5CB8-438C-855E-7FB416588644}
	EndGlobalSection
EndGlobal
